{
  "requires": true,
  "lockfileVersion": 1,
  "dependencies": {
    "aframe-extras": {
      "version": "6.1.0",
      "resolved": "https://registry.npmjs.org/aframe-extras/-/aframe-extras-6.1.0.tgz",
      "integrity": "sha512-4UXIRN5juhPCC2DqHQ+pBaFViNEbpXN+TkR7GfF8eJlPbkygeDLlJsNN7cWGIRLRzw4JGGl0tcw8MHlqzH9jtg==",
      "requires": {
        "three-pathfinding": "^0.7.0"
      }
    },
    "three-pathfinding": {
      "version": "0.7.0",
      "resolved": "https://registry.npmjs.org/three-pathfinding/-/three-pathfinding-0.7.0.tgz",
      "integrity": "sha512-UwWvzgio1UFe81n5jKHNzB4B+AG3wfZ54OKp7bTb1MHuC3cy6RTtr0dbbiPQQoqxzr+DRArR2DUwQSEknw5+nw=="
    }
  }
}
